
Microsoft Visual Studio Solution File, Format Version 12.00
# Visual Studio Version 16
VisualStudioVersion = 16.0.31911.196
MinimumVisualStudioVersion = 10.0.40219.1
Project("{FAE04EC0-301F-11D3-BF4B-00C04F79EFBC}") = "BruteForce", "BruteForce.csproj", "{C52B4A64-9FB3-47D7-BF65-FC070510A66F}"
EndProject
Global
	GlobalSection(SolutionConfigurationPlatforms) = preSolution
		Debug|Any CPU = Debug|Any CPU
		Release|Any CPU = Release|Any CPU
	EndGlobalSection
	GlobalSection(ProjectConfigurationPlatforms) = postSolution
		{C52B4A64-9FB3-47D7-BF65-FC070510A66F}.Debug|Any CPU.ActiveCfg = Debug|Any CPU
		{C52B4A64-9FB3-47D7-BF65-FC070510A66F}.Debug|Any CPU.Build.0 = Debug|Any CPU
		{C52B4A64-9FB3-47D7-BF65-FC070510A66F}.Release|Any CPU.ActiveCfg = Release|Any CPU
		{C52B4A64-9FB3-47D7-BF65-FC070510A66F}.Release|Any CPU.Build.0 = Release|Any CPU
	EndGlobalSection
	GlobalSection(SolutionProperties) = preSolution
		HideSolutionNode = FALSE
	EndGlobalSection
	GlobalSection(ExtensibilityGlobals) = postSolution
		SolutionGuid = {5D8E762F-CB9A-4109-9D74-741C0343D125}
	EndGlobalSection
EndGlobal
